
Microsoft Visual Studio Solution File, Format Version 12.00
# Visual Studio Version 16
VisualStudioVersion = 16.0.30128.74
MinimumVisualStudioVersion = 10.0.40219.1
Project("{FAE04EC0-301F-11D3-BF4B-00C04F79EFBC}") = "Ex03.GarageLogic", "Ex03.GarageLogic\Ex03.GarageLogic.csproj", "{20DF118C-9FCB-4C25-BD5A-697D82298C34}"
EndProject
Project("{FAE04EC0-301F-11D3-BF4B-00C04F79EFBC}") = "ConsoleUI", "ConsoleUI\ConsoleUI.csproj", "{783E9C7E-6D09-479D-A6B1-CCDA6A7AB5CF}"
EndProject
Global
	GlobalSection(SolutionConfigurationPlatforms) = preSolution
		Debug|Any CPU = Debug|Any CPU
		Release|Any CPU = Release|Any CPU
	EndGlobalSection
	GlobalSection(ProjectConfigurationPlatforms) = postSolution
		{20DF118C-9FCB-4C25-BD5A-697D82298C34}.Debug|Any CPU.ActiveCfg = Debug|Any CPU
		{20DF118C-9FCB-4C25-BD5A-697D82298C34}.Debug|Any CPU.Build.0 = Debug|Any CPU
		{20DF118C-9FCB-4C25-BD5A-697D82298C34}.Release|Any CPU.ActiveCfg = Release|Any CPU
		{20DF118C-9FCB-4C25-BD5A-697D82298C34}.Release|Any CPU.Build.0 = Release|Any CPU
		{783E9C7E-6D09-479D-A6B1-CCDA6A7AB5CF}.Debug|Any CPU.ActiveCfg = Debug|Any CPU
		{783E9C7E-6D09-479D-A6B1-CCDA6A7AB5CF}.Debug|Any CPU.Build.0 = Debug|Any CPU
		{783E9C7E-6D09-479D-A6B1-CCDA6A7AB5CF}.Release|Any CPU.ActiveCfg = Release|Any CPU
		{783E9C7E-6D09-479D-A6B1-CCDA6A7AB5CF}.Release|Any CPU.Build.0 = Release|Any CPU
	EndGlobalSection
	GlobalSection(SolutionProperties) = preSolution
		HideSolutionNode = FALSE
	EndGlobalSection
	GlobalSection(ExtensibilityGlobals) = postSolution
		SolutionGuid = {735FB484-AA36-4B0C-9F71-AEB69E9B84E9}
	EndGlobalSection
EndGlobal
